
Microsoft Visual Studio Solution File, Format Version 12.00
Project("{FAE04EC0-301F-11D3-BF4B-00C04F79EFBC}") = "WebApplication33", "WebApplication33\WebApplication33.csproj", "{66115F53-7CBC-4EB1-87C3-92ADC21AE2D2}"
EndProject
Global
	GlobalSection(SolutionConfigurationPlatforms) = preSolution
		Debug|Any CPU = Debug|Any CPU
		Release|Any CPU = Release|Any CPU
	EndGlobalSection
	GlobalSection(ProjectConfigurationPlatforms) = postSolution
		{66115F53-7CBC-4EB1-87C3-92ADC21AE2D2}.Debug|Any CPU.ActiveCfg = Debug|Any CPU
		{66115F53-7CBC-4EB1-87C3-92ADC21AE2D2}.Debug|Any CPU.Build.0 = Debug|Any CPU
		{66115F53-7CBC-4EB1-87C3-92ADC21AE2D2}.Release|Any CPU.ActiveCfg = Release|Any CPU
		{66115F53-7CBC-4EB1-87C3-92ADC21AE2D2}.Release|Any CPU.Build.0 = Release|Any CPU
	EndGlobalSection
EndGlobal
